
Microsoft Visual Studio Solution File, Format Version 12.00
# Visual Studio Version 17
VisualStudioVersion = 17.13.35818.85
MinimumVisualStudioVersion = 10.0.40219.1
Project("{FAE04EC0-301F-11D3-BF4B-00C04F79EFBC}") = "ChemicalEquations", "ChemicalEquations\ChemicalEquations.csproj", "{0E43CA6A-2DB4-456C-A327-13FC5ACE77DA}"
EndProject
Project("{FAE04EC0-301F-11D3-BF4B-00C04F79EFBC}") = "FormsGUI", "FormsGUI\FormsGUI.csproj", "{55B88E67-1C2D-48E6-A7EC-A085B13C910C}"
EndProject
Project("{2150E333-8FDC-42A3-9474-1A3956D46DE8}") = "Solution Items", "Solution Items", "{36D591C7-65C7-A0D1-1CBC-10CDE441BDC8}"
	ProjectSection(SolutionItems) = preProject
		.editorconfig = .editorconfig
	EndProjectSection
EndProject
Global
	GlobalSection(SolutionConfigurationPlatforms) = preSolution
		Debug|Any CPU = Debug|Any CPU
		Release|Any CPU = Release|Any CPU
	EndGlobalSection
	GlobalSection(ProjectConfigurationPlatforms) = postSolution
		{0E43CA6A-2DB4-456C-A327-13FC5ACE77DA}.Debug|Any CPU.ActiveCfg = Debug|Any CPU
		{0E43CA6A-2DB4-456C-A327-13FC5ACE77DA}.Debug|Any CPU.Build.0 = Debug|Any CPU
		{0E43CA6A-2DB4-456C-A327-13FC5ACE77DA}.Release|Any CPU.ActiveCfg = Release|Any CPU
		{0E43CA6A-2DB4-456C-A327-13FC5ACE77DA}.Release|Any CPU.Build.0 = Release|Any CPU
		{55B88E67-1C2D-48E6-A7EC-A085B13C910C}.Debug|Any CPU.ActiveCfg = Debug|Any CPU
		{55B88E67-1C2D-48E6-A7EC-A085B13C910C}.Debug|Any CPU.Build.0 = Debug|Any CPU
		{55B88E67-1C2D-48E6-A7EC-A085B13C910C}.Release|Any CPU.ActiveCfg = Release|Any CPU
		{55B88E67-1C2D-48E6-A7EC-A085B13C910C}.Release|Any CPU.Build.0 = Release|Any CPU
	EndGlobalSection
	GlobalSection(SolutionProperties) = preSolution
		HideSolutionNode = FALSE
	EndGlobalSection
	GlobalSection(ExtensibilityGlobals) = postSolution
		SolutionGuid = {587D2B10-0CB0-4030-A6D2-2FF45C9CE942}
	EndGlobalSection
EndGlobal
